<?xml version="1.0" encoding="utf-8"?>
<Project ToolsVersion="17.0" xmlns="http://schemas.microsoft.com/developer/msbuild/2003">
  <ItemGroup>
    <CustomBuild Include="D:\ESPProject\guangheng_energy_companion\build-host\CMakeFiles\58fb9d1e12afb6cdfa3a0153268d5c99\RUN_TESTS_force.rule">
      <Filter>CMake Rules</Filter>
    </CustomBuild>
  </ItemGroup>
  <ItemGroup>
    <Filter Include="CMake Rules">
      <UniqueIdentifier>{300365EF-F15A-3796-9F74-07FAD5F9B282}</UniqueIdentifier>
    </Filter>
  </ItemGroup>
</Project>
